lockfileVersion: '9.0'

settings:
  autoInstallPeers: true
  excludeLinksFromLockfile: false

importers:

  .:
    dependencies:
      '@actions/core':
        specifier: ^1.10.0
        version: 1.10.0
      '@natsuneko-laboratory/vpmpackage':
        specifier: ^0.3.0
        version: 0.3.0
    devDependencies:
      '@biomejs/biome':
        specifier: ^2.2.7
        version: 2.2.7
      '@types/node':
        specifier: ^18.11.18
        version: 18.11.18
      '@vercel/ncc':
        specifier: ^0.36.0
        version: 0.36.0
      typescript:
        specifier: ^4.9.4
        version: 4.9.4

packages:

  '@actions/core@1.10.0':
    resolution: {integrity: sha512-2aZDDa3zrrZbP5ZYg159sNoLRb61nQ7awl5pSvIq5Qpj81vwDzdMRKzkWJGJuwVvWpvZKx7vspJALyvaaIQyug==}

  '@actions/http-client@2.0.1':
    resolution: {integrity: sha512-PIXiMVtz6VvyaRsGY268qvj57hXQEpsYogYOu2nrQhlf+XCGmZstmuZBbAybUl1nQGnvS1k1eEsQ69ZoD7xlSw==}

  '@biomejs/biome@2.2.7':
    resolution: {integrity: sha512-1a8j0UP1vXVUf3UzMZEJ/zS2VgAG6wU6Cuh/I764sUGI+MCnJs/9WaojHYBDCxCMLTgU60/WqnYof85emXmSBA==}
    engines: {node: '>=14.21.3'}
    hasBin: true

  '@biomejs/cli-darwin-arm64@2.2.7':
    resolution: {integrity: sha512-xBUUsebnO2/Qj1v7eZmKUy2ZcFkZ4/jLUkxN02Qup1RPoRaiW9AKXHrqS3L7iX6PzofHY2xuZ+Pb9kAcpoe0qA==}
    engines: {node: '>=14.21.3'}
    cpu: [arm64]
    os: [darwin]

  '@biomejs/cli-darwin-x64@2.2.7':
    resolution: {integrity: sha512-vsY4NhmxqgfLJufr9XUnC+yGUPJiXAc1mz6FcjaAmuIuLwfghN4uQO7hnW2AneGyoi2mNe9Jbvf6Qtq4AjzrFg==}
    engines: {node: '>=14.21.3'}
    cpu: [x64]
    os: [darwin]

  '@biomejs/cli-linux-arm64-musl@2.2.7':
    resolution: {integrity: sha512-FrTwvKO/7t5HbVTvhlMOTOVQLAcR7r4O4iFQhEpZXUtBfosHqrX/JJlX7daPawoe14MDcCu9CDg0zLVpTuDvuQ==}
    engines: {node: '>=14.21.3'}
    cpu: [arm64]
    os: [linux]

  '@biomejs/cli-linux-arm64@2.2.7':
    resolution: {integrity: sha512-nUdco104rjV9dULi1VssQ5R/kX2jE/Z2sDjyqS+siV9sTQda0DwmEUixFNRCWvZJRRiZUWhgiDFJ4n7RowO8Mg==}
    engines: {node: '>=14.21.3'}
    cpu: [arm64]
    os: [linux]

  '@biomejs/cli-linux-x64-musl@2.2.7':
    resolution: {integrity: sha512-MnsysF5s/iLC5wnYvuMseOy+m8Pd4bWG1uwlVyy2AUbfjAVUgtbYbboc5wMXljFrDY7e6rLjLTR4S2xqDpGlQg==}
    engines: {node: '>=14.21.3'}
    cpu: [x64]
    os: [linux]

  '@biomejs/cli-linux-x64@2.2.7':
    resolution: {integrity: sha512-tPTcGAIEOOZrj2tQ7fdraWlaxNKApBw6l4In8wQQV1IyxnAexqi0hykHzKEX8hKKctf5gxGBfNCzyIvqpj4CFQ==}
    engines: {node: '>=14.21.3'}
    cpu: [x64]
    os: [linux]

  '@biomejs/cli-win32-arm64@2.2.7':
    resolution: {integrity: sha512-h5D1jhwA2b7cFXerYiJfXHSzzAMFFoEDL5Mc2BgiaEw0iaSgSso/3Nc6FbOR55aTQISql+IpB4PS7JoV26Gdbw==}
    engines: {node: '>=14.21.3'}
    cpu: [arm64]
    os: [win32]

  '@biomejs/cli-win32-x64@2.2.7':
    resolution: {integrity: sha512-URqAJi0kONyBKG4V9NVafHLDtm6IHmF4qPYi/b6x7MD6jxpWeJiTCO6R5+xDlWckX2T/OGv6Yq3nkz6s0M8Ykw==}
    engines: {node: '>=14.21.3'}
    cpu: [x64]
    os: [win32]

  '@natsuneko-laboratory/vpmpackage@0.3.0':
    resolution: {integrity: sha512-XISyydeHcD2uo3heopbgFfkThZ9/dSlN/cA8Rkohb4rpE78ZBd+tVpRiCWBn1mmh8OSd8EEjJ4YH8MC1tE6gDQ==}

  '@types/node@18.11.18':
    resolution: {integrity: sha512-DHQpWGjyQKSHj3ebjFI/wRKcqQcdR+MoFBygntYOZytCqNfkd2ZC4ARDJ2DQqhjH5p85Nnd3jhUJIXrszFX/JA==}

  '@vercel/ncc@0.36.0':
    resolution: {integrity: sha512-/ZTUJ/ZkRt694k7KJNimgmHjtQcRuVwsST2Z6XfYveQIuBbHR+EqkTc1jfgPkQmMyk/vtpxo3nVxe8CNuau86A==}
    hasBin: true

  adm-zip@0.5.16:
    resolution: {integrity: sha512-TGw5yVi4saajsSEgz25grObGHEUaDrniwvA2qwSC060KfqGPdglhvPMA2lPIoxs3PQIItj2iag35fONcQqgUaQ==}
    engines: {node: '>=12.0'}

  fs-extra@11.3.2:
    resolution: {integrity: sha512-Xr9F6z6up6Ws+NjzMCZc6WXg2YFRlrLP9NQDO3VQrWrfiojdhS56TzueT88ze0uBdCTwEIhQ3ptnmKeWGFAe0A==}
    engines: {node: '>=14.14'}

  graceful-fs@4.2.11:
    resolution: {integrity: sha512-RbJ5/jmFcNNCcDV5o9eTnBLJ/HszWV0P73bc+Ff4nS/rJj+YaS6IGyiOL0VoBYX+l1Wrl3k63h/KrH+nhJ0XvQ==}

  jsonfile@6.2.0:
    resolution: {integrity: sha512-FGuPw30AdOIUTRMC2OMRtQV+jkVj2cfPqSeWXv1NEAJ1qZ5zb1X6z1mFhbfOB/iy3ssJCD+3KuZ8r8C3uVFlAg==}

  tunnel@0.0.6:
    resolution: {integrity: sha512-1h/Lnq9yajKY2PEbBadPXj3VxsDDu844OnaAo52UVmIzIvwwtBPIuNvkjuzBlTWpfJyUbG3ez0KSBibQkj4ojg==}
    engines: {node: '>=0.6.11 <=0.7.0 || >=0.7.3'}

  typescript@4.9.4:
    resolution: {integrity: sha512-Uz+dTXYzxXXbsFpM86Wh3dKCxrQqUcVMxwU54orwlJjOpO3ao8L7j5lH+dWfTwgCwIuM9GQ2kvVotzYJMXTBZg==}
    engines: {node: '>=4.2.0'}
    hasBin: true

  universalify@2.0.1:
    resolution: {integrity: sha512-gptHNQghINnc/vTGIk0SOFGFNXw7JVrlRUtConJRlvaw6DuX0wO5Jeko9sWrMBhh+PsYAZ7oXAiOnf/UKogyiw==}
    engines: {node: '>= 10.0.0'}

  uuid@8.3.2:
    resolution: {integrity: sha512-+NYs2QeMWy+GWFOEm9xnn6HCDp0l7QBD7ml8zLUmJ+93Q5NF0NocErnwkTkXVFNiX3/fpC6afS8Dhb/gz7R7eg==}
    hasBin: true

snapshots:

  '@actions/core@1.10.0':
    dependencies:
      '@actions/http-client': 2.0.1
      uuid: 8.3.2

  '@actions/http-client@2.0.1':
    dependencies:
      tunnel: 0.0.6

  '@biomejs/biome@2.2.7':
    optionalDependencies:
      '@biomejs/cli-darwin-arm64': 2.2.7
      '@biomejs/cli-darwin-x64': 2.2.7
      '@biomejs/cli-linux-arm64': 2.2.7
      '@biomejs/cli-linux-arm64-musl': 2.2.7
      '@biomejs/cli-linux-x64': 2.2.7
      '@biomejs/cli-linux-x64-musl': 2.2.7
      '@biomejs/cli-win32-arm64': 2.2.7
      '@biomejs/cli-win32-x64': 2.2.7

  '@biomejs/cli-darwin-arm64@2.2.7':
    optional: true

  '@biomejs/cli-darwin-x64@2.2.7':
    optional: true

  '@biomejs/cli-linux-arm64-musl@2.2.7':
    optional: true

  '@biomejs/cli-linux-arm64@2.2.7':
    optional: true

  '@biomejs/cli-linux-x64-musl@2.2.7':
    optional: true

  '@biomejs/cli-linux-x64@2.2.7':
    optional: true

  '@biomejs/cli-win32-arm64@2.2.7':
    optional: true

  '@biomejs/cli-win32-x64@2.2.7':
    optional: true

  '@natsuneko-laboratory/vpmpackage@0.3.0':
    dependencies:
      adm-zip: 0.5.16
      fs-extra: 11.3.2

  '@types/node@18.11.18': {}

  '@vercel/ncc@0.36.0': {}

  adm-zip@0.5.16: {}

  fs-extra@11.3.2:
    dependencies:
      graceful-fs: 4.2.11
      jsonfile: 6.2.0
      universalify: 2.0.1

  graceful-fs@4.2.11: {}

  jsonfile@6.2.0:
    dependencies:
      universalify: 2.0.1
    optionalDependencies:
      graceful-fs: 4.2.11

  tunnel@0.0.6: {}

  typescript@4.9.4: {}

  universalify@2.0.1: {}

  uuid@8.3.2: {}
